{
  "nodes": {
    "flake-utils": {
      "locked": {
        "lastModified": 1644229661,
        "narHash": "sha256-1YdnJAsNy69bpcjuoKdOYQX0YxZBiCYZo4Twxerqv7k=",
        "owner": "numtide",
        "repo": "flake-utils",
        "rev": "3cecb5b042f7f209c56ffd8371b2711a290ec797",
        "type": "github"
      },
      "original": {
        "owner": "numtide",
        "repo": "flake-utils",
        "type": "github"
      }
    },
    "home-manager": {
      "inputs": {
        "nixpkgs": [
          "nixpkgs"
        ]
      },
      "locked": {
        "lastModified": 1667676221,
        "narHash": "sha256-DMzjYiEMT/m0KRrDtADhlQTypnQ7x1OhHvRqPNi7DoM=",
        "owner": "nix-community",
        "repo": "home-manager",
        "rev": "d148e1dd61e2d0a20efb32ef57d6d63935afd939",
        "type": "github"
      },
      "original": {
        "owner": "nix-community",
        "ref": "release-22.05",
        "repo": "home-manager",
        "type": "github"
      }
    },
    "musnix": {
      "inputs": {
        "nixpkgs": "nixpkgs"
      },
      "locked": {
        "lastModified": 1666634353,
        "narHash": "sha256-8GbNTlad6L3uuCmZ/HdKXZ6YboyYdfR8d6gMLZp3VLw=",
        "owner": "musnix",
        "repo": "musnix",
        "rev": "ad393e2d61da578a1b5b1e68a106e87cf1ca84d8",
        "type": "github"
      },
      "original": {
        "owner": "musnix",
        "repo": "musnix",
        "type": "github"
      }
    },
    "nix-darwin": {
      "inputs": {
        "nixpkgs": [
          "nixpkgs"
        ]
      },
      "locked": {
        "lastModified": 1667419884,
        "narHash": "sha256-oLNw87ZI5NxTMlNQBv1wG2N27CUzo9admaFlnmavpiY=",
        "owner": "LnL7",
        "repo": "nix-darwin",
        "rev": "cfc0125eafadc9569d3d6a16ee928375b77e3100",
        "type": "github"
      },
      "original": {
        "owner": "LnL7",
        "ref": "master",
        "repo": "nix-darwin",
        "type": "github"
      }
    },
    "nixpkgs": {
      "locked": {
        "lastModified": 1623743177,
        "narHash": "sha256-57OM8Ya/yGHAHBq/h0I8Ah/HJFmk0VNpEASYxr+BgK8=",
        "owner": "NixOS",
        "repo": "nixpkgs",
        "rev": "4b7c8d538e1aed2bc30b6e7eb1cbd96063ad4132",
        "type": "github"
      },
      "original": {
        "owner": "NixOS",
        "ref": "nixpkgs-unstable",
        "repo": "nixpkgs",
        "type": "github"
      }
    },
    "nixpkgs_2": {
      "locked": {
        "lastModified": 1667564121,
        "narHash": "sha256-DlR65WyEW78cBmnOhxDzfvNQ9euJEGctSl77olqEaLg=",
        "owner": "NixOS",
        "repo": "nixpkgs",
        "rev": "1404483f4531560aad73bdebae4096881c910ac0",
        "type": "github"
      },
      "original": {
        "owner": "NixOS",
        "ref": "nixos-22.05",
        "repo": "nixpkgs",
        "type": "github"
      }
    },
    "nur": {
      "locked": {
        "lastModified": 1667676649,
        "narHash": "sha256-ThD1bXnEto64wU5xP+QeoX/pgNo6/zH+HrLJ7io8Ga4=",
        "owner": "nix-community",
        "repo": "NUR",
        "rev": "17c6655977e2894da02006c7696b29f605d55767",
        "type": "github"
      },
      "original": {
        "owner": "nix-community",
        "repo": "NUR",
        "type": "github"
      }
    },
    "root": {
      "inputs": {
        "home-manager": "home-manager",
        "musnix": "musnix",
        "nix-darwin": "nix-darwin",
        "nixpkgs": "nixpkgs_2",
        "nur": "nur",
        "utils": "utils"
      }
    },
    "utils": {
      "inputs": {
        "flake-utils": "flake-utils"
      },
      "locked": {
        "lastModified": 1657226504,
        "narHash": "sha256-GIYNjuq4mJlFgqKsZ+YrgzWm0IpA4axA3MCrdKYj7gs=",
        "owner": "gytis-ivaskevicius",
        "repo": "flake-utils-plus",
        "rev": "2bf0f91643c2e5ae38c1b26893ac2927ac9bd82a",
        "type": "github"
      },
      "original": {
        "owner": "gytis-ivaskevicius",
        "repo": "flake-utils-plus",
        "type": "github"
      }
    }
  },
  "root": "root",
  "version": 7
}
